
Microsoft Visual Studio Solution File, Format Version 12.00
# Visual Studio 14
VisualStudioVersion = 14.0.24720.0
MinimumVisualStudioVersion = 10.0.40219.1
Project("{FAE04EC0-301F-11D3-BF4B-00C04F79EFBC}") = "FootPrints.API", "FootPrints.API\FootPrints.API.csproj", "{E3C9680B-7D32-4FBF-9EBA-B8E3B87D417B}"
EndProject
Project("{FAE04EC0-301F-11D3-BF4B-00C04F79EFBC}") = "FootPrints.API.Tests", "FootPrints.API.Tests\FootPrints.API.Tests.csproj", "{178A9ABB-F98F-485E-BFD3-0A1EB5FF4A31}"
EndProject
Project("{FAE04EC0-301F-11D3-BF4B-00C04F79EFBC}") = "FootPrints.Web", "FootPrints.Web\FootPrints.Web.csproj", "{A04B2691-D56E-4CA5-BEC6-5012EC2A2EF5}"
EndProject
Project("{FAE04EC0-301F-11D3-BF4B-00C04F79EFBC}") = "FootPrints.Util", "FootPrints.Util\FootPrints.Util.csproj", "{151744AC-412F-4305-AFFB-2CC03953C2CF}"
EndProject
Project("{FAE04EC0-301F-11D3-BF4B-00C04F79EFBC}") = "FootPrints.Model", "FootPrints.Model\FootPrints.Model.csproj", "{4367E32D-4CF7-4DB6-BA70-C27BBA9A7D5C}"
EndProject
Global
	GlobalSection(SolutionConfigurationPlatforms) = preSolution
		Debug|Any CPU = Debug|Any CPU
		Release|Any CPU = Release|Any CPU
	EndGlobalSection
	GlobalSection(ProjectConfigurationPlatforms) = postSolution
		{E3C9680B-7D32-4FBF-9EBA-B8E3B87D417B}.Debug|Any CPU.ActiveCfg = Debug|Any CPU
		{E3C9680B-7D32-4FBF-9EBA-B8E3B87D417B}.Debug|Any CPU.Build.0 = Debug|Any CPU
		{E3C9680B-7D32-4FBF-9EBA-B8E3B87D417B}.Release|Any CPU.ActiveCfg = Release|Any CPU
		{E3C9680B-7D32-4FBF-9EBA-B8E3B87D417B}.Release|Any CPU.Build.0 = Release|Any CPU
		{178A9ABB-F98F-485E-BFD3-0A1EB5FF4A31}.Debug|Any CPU.ActiveCfg = Debug|Any CPU
		{178A9ABB-F98F-485E-BFD3-0A1EB5FF4A31}.Debug|Any CPU.Build.0 = Debug|Any CPU
		{178A9ABB-F98F-485E-BFD3-0A1EB5FF4A31}.Release|Any CPU.ActiveCfg = Release|Any CPU
		{178A9ABB-F98F-485E-BFD3-0A1EB5FF4A31}.Release|Any CPU.Build.0 = Release|Any CPU
		{A04B2691-D56E-4CA5-BEC6-5012EC2A2EF5}.Debug|Any CPU.ActiveCfg = Debug|Any CPU
		{A04B2691-D56E-4CA5-BEC6-5012EC2A2EF5}.Debug|Any CPU.Build.0 = Debug|Any CPU
		{A04B2691-D56E-4CA5-BEC6-5012EC2A2EF5}.Release|Any CPU.ActiveCfg = Release|Any CPU
		{A04B2691-D56E-4CA5-BEC6-5012EC2A2EF5}.Release|Any CPU.Build.0 = Release|Any CPU
		{151744AC-412F-4305-AFFB-2CC03953C2CF}.Debug|Any CPU.ActiveCfg = Debug|Any CPU
		{151744AC-412F-4305-AFFB-2CC03953C2CF}.Debug|Any CPU.Build.0 = Debug|Any CPU
		{151744AC-412F-4305-AFFB-2CC03953C2CF}.Release|Any CPU.ActiveCfg = Release|Any CPU
		{151744AC-412F-4305-AFFB-2CC03953C2CF}.Release|Any CPU.Build.0 = Release|Any CPU
		{4367E32D-4CF7-4DB6-BA70-C27BBA9A7D5C}.Debug|Any CPU.ActiveCfg = Debug|Any CPU
		{4367E32D-4CF7-4DB6-BA70-C27BBA9A7D5C}.Debug|Any CPU.Build.0 = Debug|Any CPU
		{4367E32D-4CF7-4DB6-BA70-C27BBA9A7D5C}.Release|Any CPU.ActiveCfg = Release|Any CPU
		{4367E32D-4CF7-4DB6-BA70-C27BBA9A7D5C}.Release|Any CPU.Build.0 = Release|Any CPU
	EndGlobalSection
	GlobalSection(SolutionProperties) = preSolution
		HideSolutionNode = FALSE
	EndGlobalSection
EndGlobal
